// !$*UTF8*$!
{
	archiveVersion = 1;
	classes = {
	};
	objectVersion = 55;
	objects = {

/* Begin PBXBuildFile section */
		6002BDDB291129D1000881C4 /* AppDelegate.swift in Sources */ = {isa = PBXBuildFile; fileRef = 6002BDDA291129D1000881C4 /* AppDelegate.swift */; };
		6002BDDD291129D1000881C4 /* SceneDelegate.swift in Sources */ = {isa = PBXBuildFile; fileRef = 6002BDDC291129D1000881C4 /* SceneDelegate.swift */; };
		6002BDDF291129D1000881C4 /* MainVC.swift in Sources */ = {isa = PBXBuildFile; fileRef = 6002BDDE291129D1000881C4 /* MainVC.swift */; };
		6002BDE2291129D1000881C4 /* Main.storyboard in Resources */ = {isa = PBXBuildFile; fileRef = 6002BDE0291129D1000881C4 /* Main.storyboard */; };
		6002BDE4291129D5000881C4 /* Assets.xcassets in Resources */ = {isa = PBXBuildFile; fileRef = 6002BDE3291129D5000881C4 /* Assets.xcassets */; };
		6002BDE7291129D5000881C4 /* LaunchScreen.storyboard in Resources */ = {isa = PBXBuildFile; fileRef = 6002BDE5291129D5000881C4 /* LaunchScreen.storyboard */; };
		6013F782291830320086DEBA /* Reachability.swift in Sources */ = {isa = PBXBuildFile; fileRef = 6013F781291830320086DEBA /* Reachability.swift */; };
		6013F784291866B40086DEBA /* HastagVC.swift in Sources */ = {isa = PBXBuildFile; fileRef = 6013F783291866B40086DEBA /* HastagVC.swift */; };
		6013F786291867050086DEBA /* HastagCollectionCell.swift in Sources */ = {isa = PBXBuildFile; fileRef = 6013F785291867050086DEBA /* HastagCollectionCell.swift */; };
		60509EE529133ABE00941894 /* RecordingService.swift in Sources */ = {isa = PBXBuildFile; fileRef = 60509EE429133ABE00941894 /* RecordingService.swift */; };
		606A0910291182A700E6640F /* MainViewCell.swift in Sources */ = {isa = PBXBuildFile; fileRef = 606A090F291182A700E6640F /* MainViewCell.swift */; };
		606A091229119C3400E6640F /* AddNewVC.swift in Sources */ = {isa = PBXBuildFile; fileRef = 606A091129119C3400E6640F /* AddNewVC.swift */; };
		606A09152911CB5400E6640F /* TestModel.xcdatamodeld in Sources */ = {isa = PBXBuildFile; fileRef = 606A09132911CB5400E6640F /* TestModel.xcdatamodeld */; };
		60DE64CC29153D49000FF4EA /* DataService.swift in Sources */ = {isa = PBXBuildFile; fileRef = 60DE64CB29153D49000FF4EA /* DataService.swift */; };
		60DE64D42915604A000FF4EA /* PlaybackService.swift in Sources */ = {isa = PBXBuildFile; fileRef = 60DE64D32915604A000FF4EA /* PlaybackService.swift */; };
/* End PBXBuildFile section */

/* Begin PBXFileReference section */
		6002BDD7291129D1000881C4 /* Langux.app */ = {isa = PBXFileReference; explicitFileType = wrapper.application; includeInIndex = 0; path = Langux.app; sourceTree = BUILT_PRODUCTS_DIR; };
		6002BDDA291129D1000881C4 /* AppDelegate.swift */ = {isa = PBXFileReference; lastKnownFileType = sourcecode.swift; path = AppDelegate.swift; sourceTree = "<group>"; };
		6002BDDC291129D1000881C4 /* SceneDelegate.swift */ = {isa = PBXFileReference; lastKnownFileType = sourcecode.swift; path = SceneDelegate.swift; sourceTree = "<group>"; };
		6002BDDE291129D1000881C4 /* MainVC.swift */ = {isa = PBXFileReference; lastKnownFileType = sourcecode.swift; path = MainVC.swift; sourceTree = "<group>"; };
		6002BDE1291129D1000881C4 /* Base */ = {isa = PBXFileReference; lastKnownFileType = file.storyboard; name = Base; path = Base.lproj/Main.storyboard; sourceTree = "<group>"; };
		6002BDE3291129D5000881C4 /* Assets.xcassets */ = {isa = PBXFileReference; lastKnownFileType = folder.assetcatalog; path = Assets.xcassets; sourceTree = "<group>"; };
		6002BDE6291129D5000881C4 /* Base */ = {isa = PBXFileReference; lastKnownFileType = file.storyboard; name = Base; path = Base.lproj/LaunchScreen.storyboard; sourceTree = "<group>"; };
		6002BDE8291129D5000881C4 /* Info.plist */ = {isa = PBXFileReference; lastKnownFileType = text.plist.xml; path = Info.plist; sourceTree = "<group>"; };
		6013F781291830320086DEBA /* Reachability.swift */ = {isa = PBXFileReference; lastKnownFileType = sourcecode.swift; path = Reachability.swift; sourceTree = "<group>"; };
		6013F783291866B40086DEBA /* HastagVC.swift */ = {isa = PBXFileReference; lastKnownFileType = sourcecode.swift; path = HastagVC.swift; sourceTree = "<group>"; };
		6013F785291867050086DEBA /* HastagCollectionCell.swift */ = {isa = PBXFileReference; lastKnownFileType = sourcecode.swift; path = HastagCollectionCell.swift; sourceTree = "<group>"; };
		60509EE429133ABE00941894 /* RecordingService.swift */ = {isa = PBXFileReference; lastKnownFileType = sourcecode.swift; path = RecordingService.swift; sourceTree = "<group>"; };
		606A090F291182A700E6640F /* MainViewCell.swift */ = {isa = PBXFileReference; lastKnownFileType = sourcecode.swift; path = MainViewCell.swift; sourceTree = "<group>"; };
		606A091129119C3400E6640F /* AddNewVC.swift */ = {isa = PBXFileReference; lastKnownFileType = sourcecode.swift; path = AddNewVC.swift; sourceTree = "<group>"; };
		606A09142911CB5400E6640F /* RecordData.xcdatamodel */ = {isa = PBXFileReference; lastKnownFileType = wrapper.xcdatamodel; path = RecordData.xcdatamodel; sourceTree = "<group>"; };
		60DE64CB29153D49000FF4EA /* DataService.swift */ = {isa = PBXFileReference; lastKnownFileType = sourcecode.swift; path = DataService.swift; sourceTree = "<group>"; };
		60DE64D32915604A000FF4EA /* PlaybackService.swift */ = {isa = PBXFileReference; lastKnownFileType = sourcecode.swift; path = PlaybackService.swift; sourceTree = "<group>"; };
/* End PBXFileReference section */

/* Begin PBXFrameworksBuildPhase section */
		6002BDD4291129D1000881C4 /* Frameworks */ = {
			isa = PBXFrameworksBuildPhase;
			buildActionMask = 2147483647;
			files = (
			);
			runOnlyForDeploymentPostprocessing = 0;
		};
/* End PBXFrameworksBuildPhase section */

/* Begin PBXGroup section */
		6002BDCE291129D1000881C4 = {
			isa = PBXGroup;
			children = (
				6002BDD9291129D1000881C4 /* Langux */,
				6002BDD8291129D1000881C4 /* Products */,
			);
			sourceTree = "<group>";
		};
		6002BDD8291129D1000881C4 /* Products */ = {
			isa = PBXGroup;
			children = (
				6002BDD7291129D1000881C4 /* Langux.app */,
			);
			name = Products;
			sourceTree = "<group>";
		};
		6002BDD9291129D1000881C4 /* Langux */ = {
			isa = PBXGroup;
			children = (
				606A09132911CB5400E6640F /* TestModel.xcdatamodeld */,
				6002BDE8291129D5000881C4 /* Info.plist */,
				6002BDE3291129D5000881C4 /* Assets.xcassets */,
				60DE64D0291556CF000FF4EA /* Delegate */,
				60DE64CE2915568C000FF4EA /* View */,
				60DE64CD2915566B000FF4EA /* Services */,
			);
			path = Langux;
			sourceTree = "<group>";
		};
		60DE64CD2915566B000FF4EA /* Services */ = {
			isa = PBXGroup;
			children = (
				60DE64CB29153D49000FF4EA /* DataService.swift */,
				6013F781291830320086DEBA /* Reachability.swift */,
				60509EE429133ABE00941894 /* RecordingService.swift */,
				60DE64D32915604A000FF4EA /* PlaybackService.swift */,
			);
			path = Services;
			sourceTree = "<group>";
		};
		60DE64CE2915568C000FF4EA /* View */ = {
			isa = PBXGroup;
			children = (
				60DE64D229155713000FF4EA /* Storyboard */,
				60DE64D129155702000FF4EA /* Cells */,
				60DE64CF291556BA000FF4EA /* Controller */,
			);
			path = View;
			sourceTree = "<group>";
		};
		60DE64CF291556BA000FF4EA /* Controller */ = {
			isa = PBXGroup;
			children = (
				6013F783291866B40086DEBA /* HastagVC.swift */,
				6002BDDE291129D1000881C4 /* MainVC.swift */,
				606A091129119C3400E6640F /* AddNewVC.swift */,
			);
			path = Controller;
			sourceTree = "<group>";
		};
		60DE64D0291556CF000FF4EA /* Delegate */ = {
			isa = PBXGroup;
			children = (
				6002BDDC291129D1000881C4 /* SceneDelegate.swift */,
				6002BDDA291129D1000881C4 /* AppDelegate.swift */,
			);
			path = Delegate;
			sourceTree = "<group>";
		};
		60DE64D129155702000FF4EA /* Cells */ = {
			isa = PBXGroup;
			children = (
				606A090F291182A700E6640F /* MainViewCell.swift */,
				6013F785291867050086DEBA /* HastagCollectionCell.swift */,
			);
			path = Cells;
			sourceTree = "<group>";
		};
		60DE64D229155713000FF4EA /* Storyboard */ = {
			isa = PBXGroup;
			children = (
				6002BDE0291129D1000881C4 /* Main.storyboard */,
				6002BDE5291129D5000881C4 /* LaunchScreen.storyboard */,
			);
			path = Storyboard;
			sourceTree = "<group>";
		};
/* End PBXGroup section */

/* Begin PBXNativeTarget section */
		6002BDD6291129D1000881C4 /* Langux */ = {
			isa = PBXNativeTarget;
			buildConfigurationList = 6002BDEB291129D5000881C4 /* Build configuration list for PBXNativeTarget "Langux" */;
			buildPhases = (
				6002BDD3291129D1000881C4 /* Sources */,
				6002BDD4291129D1000881C4 /* Frameworks */,
				6002BDD5291129D1000881C4 /* Resources */,
			);
			buildRules = (
			);
			dependencies = (
			);
			name = Langux;
			productName = Langux;
			productReference = 6002BDD7291129D1000881C4 /* Langux.app */;
			productType = "com.apple.product-type.application";
		};
/* End PBXNativeTarget section */

/* Begin PBXProject section */
		6002BDCF291129D1000881C4 /* Project object */ = {
			isa = PBXProject;
			attributes = {
				BuildIndependentTargetsInParallel = 1;
				LastSwiftUpdateCheck = 1340;
				LastUpgradeCheck = 1340;
				TargetAttributes = {
					6002BDD6291129D1000881C4 = {
						CreatedOnToolsVersion = 13.4.1;
					};
				};
			};
			buildConfigurationList = 6002BDD2291129D1000881C4 /* Build configuration list for PBXProject "Langux" */;
			compatibilityVersion = "Xcode 13.0";
			developmentRegion = en;
			hasScannedForEncodings = 0;
			knownRegions = (
				en,
				Base,
			);
			mainGroup = 6002BDCE291129D1000881C4;
			productRefGroup = 6002BDD8291129D1000881C4 /* Products */;
			projectDirPath = "";
			projectRoot = "";
			targets = (
				6002BDD6291129D1000881C4 /* Langux */,
			);
		};
/* End PBXProject section */

/* Begin PBXResourcesBuildPhase section */
		6002BDD5291129D1000881C4 /* Resources */ = {
			isa = PBXResourcesBuildPhase;
			buildActionMask = 2147483647;
			files = (
				6002BDE7291129D5000881C4 /* LaunchScreen.storyboard in Resources */,
				6002BDE4291129D5000881C4 /* Assets.xcassets in Resources */,
				6002BDE2291129D1000881C4 /* Main.storyboard in Resources */,
			);
			runOnlyForDeploymentPostprocessing = 0;
		};
/* End PBXResourcesBuildPhase section */

/* Begin PBXSourcesBuildPhase section */
		6002BDD3291129D1000881C4 /* Sources */ = {
			isa = PBXSourcesBuildPhase;
			buildActionMask = 2147483647;
			files = (
				60DE64CC29153D49000FF4EA /* DataService.swift in Sources */,
				6013F786291867050086DEBA /* HastagCollectionCell.swift in Sources */,
				606A09152911CB5400E6640F /* TestModel.xcdatamodeld in Sources */,
				6002BDDF291129D1000881C4 /* MainVC.swift in Sources */,
				60DE64D42915604A000FF4EA /* PlaybackService.swift in Sources */,
				606A091229119C3400E6640F /* AddNewVC.swift in Sources */,
				6013F784291866B40086DEBA /* HastagVC.swift in Sources */,
				606A0910291182A700E6640F /* MainViewCell.swift in Sources */,
				6002BDDB291129D1000881C4 /* AppDelegate.swift in Sources */,
				6002BDDD291129D1000881C4 /* SceneDelegate.swift in Sources */,
				6013F782291830320086DEBA /* Reachability.swift in Sources */,
				60509EE529133ABE00941894 /* RecordingService.swift in Sources */,
			);
			runOnlyForDeploymentPostprocessing = 0;
		};
/* End PBXSourcesBuildPhase section */

/* Begin PBXVariantGroup section */
		6002BDE0291129D1000881C4 /* Main.storyboard */ = {
			isa = PBXVariantGroup;
			children = (
				6002BDE1291129D1000881C4 /* Base */,
			);
			name = Main.storyboard;
			sourceTree = "<group>";
		};
		6002BDE5291129D5000881C4 /* LaunchScreen.storyboard */ = {
			isa = PBXVariantGroup;
			children = (
				6002BDE6291129D5000881C4 /* Base */,
			);
			name = LaunchScreen.storyboard;
			sourceTree = "<group>";
		};
/* End PBXVariantGroup section */

/* Begin XCBuildConfiguration section */
		6002BDE9291129D5000881C4 /* Debug */ = {
			isa = XCBuildConfiguration;
			buildSettings = {
				ALWAYS_SEARCH_USER_PATHS = NO;
				CLANG_ANALYZER_NONNULL = YES;
				CLANG_ANALYZER_NUMBER_OBJECT_CONVERSION = YES_AGGRESSIVE;
				CLANG_CXX_LANGUAGE_STANDARD = "gnu++17";
				CLANG_ENABLE_MODULES = YES;
				CLANG_ENABLE_OBJC_ARC = YES;
				CLANG_ENABLE_OBJC_WEAK = YES;
				CLANG_WARN_BLOCK_CAPTURE_AUTORELEASING = YES;
				CLANG_WARN_BOOL_CONVERSION = YES;
				CLANG_WARN_COMMA = YES;
				CLANG_WARN_CONSTANT_CONVERSION = YES;
				CLANG_WARN_DEPRECATED_OBJC_IMPLEMENTATIONS = YES;
				CLANG_WARN_DIRECT_OBJC_ISA_USAGE = YES_ERROR;
				CLANG_WARN_DOCUMENTATION_COMMENTS = YES;
				CLANG_WARN_EMPTY_BODY = YES;
				CLANG_WARN_ENUM_CONVERSION = YES;
				CLANG_WARN_INFINITE_RECURSION = YES;
				CLANG_WARN_INT_CONVERSION = YES;
				CLANG_WARN_NON_LITERAL_NULL_CONVERSION = YES;
				CLANG_WARN_OBJC_IMPLICIT_RETAIN_SELF = YES;
				CLANG_WARN_OBJC_LITERAL_CONVERSION = YES;
				CLANG_WARN_OBJC_ROOT_CLASS = YES_ERROR;
				CLANG_WARN_QUOTED_INCLUDE_IN_FRAMEWORK_HEADER = YES;
				CLANG_WARN_RANGE_LOOP_ANALYSIS = YES;
				CLANG_WARN_STRICT_PROTOTYPES = YES;
				CLANG_WARN_SUSPICIOUS_MOVE = YES;
				CLANG_WARN_UNGUARDED_AVAILABILITY = YES_AGGRESSIVE;
				CLANG_WARN_UNREACHABLE_CODE = YES;
				CLANG_WARN__DUPLICATE_METHOD_MATCH = YES;
				COPY_PHASE_STRIP = NO;
				DEBUG_INFORMATION_FORMAT = dwarf;
				ENABLE_STRICT_OBJC_MSGSEND = YES;
				ENABLE_TESTABILITY = YES;
				GCC_C_LANGUAGE_STANDARD = gnu11;
				GCC_DYNAMIC_NO_PIC = NO;
				GCC_NO_COMMON_BLOCKS = YES;
				GCC_OPTIMIZATION_LEVEL = 0;
				GCC_PREPROCESSOR_DEFINITIONS = (
					"DEBUG=1",
					"$(inherited)",
				);
				GCC_WARN_64_TO_32_BIT_CONVERSION = YES;
				GCC_WARN_ABOUT_RETURN_TYPE = YES_ERROR;
				GCC_WARN_UNDECLARED_SELECTOR = YES;
				GCC_WARN_UNINITIALIZED_AUTOS = YES_AGGRESSIVE;
				GCC_WARN_UNUSED_FUNCTION = YES;
				GCC_WARN_UNUSED_VARIABLE = YES;
				IPHONEOS_DEPLOYMENT_TARGET = 15.5;
				MTL_ENABLE_DEBUG_INFO = INCLUDE_SOURCE;
				MTL_FAST_MATH = YES;
				ONLY_ACTIVE_ARCH = YES;
				SDKROOT = iphoneos;
				SWIFT_ACTIVE_COMPILATION_CONDITIONS = DEBUG;
				SWIFT_OPTIMIZATION_LEVEL = "-Onone";
			};
			name = Debug;
		};
		6002BDEA291129D5000881C4 /* Release */ = {
			isa = XCBuildConfiguration;
			buildSettings = {
				ALWAYS_SEARCH_USER_PATHS = NO;
				CLANG_ANALYZER_NONNULL = YES;
				CLANG_ANALYZER_NUMBER_OBJECT_CONVERSION = YES_AGGRESSIVE;
				CLANG_CXX_LANGUAGE_STANDARD = "gnu++17";
				CLANG_ENABLE_MODULES = YES;
				CLANG_ENABLE_OBJC_ARC = YES;
				CLANG_ENABLE_OBJC_WEAK = YES;
				CLANG_WARN_BLOCK_CAPTURE_AUTORELEASING = YES;
				CLANG_WARN_BOOL_CONVERSION = YES;
				CLANG_WARN_COMMA = YES;
				CLANG_WARN_CONSTANT_CONVERSION = YES;
				CLANG_WARN_DEPRECATED_OBJC_IMPLEMENTATIONS = YES;
				CLANG_WARN_DIRECT_OBJC_ISA_USAGE = YES_ERROR;
				CLANG_WARN_DOCUMENTATION_COMMENTS = YES;
				CLANG_WARN_EMPTY_BODY = YES;
				CLANG_WARN_ENUM_CONVERSION = YES;
				CLANG_WARN_INFINITE_RECURSION = YES;
				CLANG_WARN_INT_CONVERSION = YES;
				CLANG_WARN_NON_LITERAL_NULL_CONVERSION = YES;
				CLANG_WARN_OBJC_IMPLICIT_RETAIN_SELF = YES;
				CLANG_WARN_OBJC_LITERAL_CONVERSION = YES;
				CLANG_WARN_OBJC_ROOT_CLASS = YES_ERROR;
				CLANG_WARN_QUOTED_INCLUDE_IN_FRAMEWORK_HEADER = YES;
				CLANG_WARN_RANGE_LOOP_ANALYSIS = YES;
				CLANG_WARN_STRICT_PROTOTYPES = YES;
				CLANG_WARN_SUSPICIOUS_MOVE = YES;
				CLANG_WARN_UNGUARDED_AVAILABILITY = YES_AGGRESSIVE;
				CLANG_WARN_UNREACHABLE_CODE = YES;
				CLANG_WARN__DUPLICATE_METHOD_MATCH = YES;
				COPY_PHASE_STRIP = NO;
				DEBUG_INFORMATION_FORMAT = "dwarf-with-dsym";
				ENABLE_NS_ASSERTIONS = NO;
				ENABLE_STRICT_OBJC_MSGSEND = YES;
				GCC_C_LANGUAGE_STANDARD = gnu11;
				GCC_NO_COMMON_BLOCKS = YES;
				GCC_WARN_64_TO_32_BIT_CONVERSION = YES;
				GCC_WARN_ABOUT_RETURN_TYPE = YES_ERROR;
				GCC_WARN_UNDECLARED_SELECTOR = YES;
				GCC_WARN_UNINITIALIZED_AUTOS = YES_AGGRESSIVE;
				GCC_WARN_UNUSED_FUNCTION = YES;
				GCC_WARN_UNUSED_VARIABLE = YES;
				IPHONEOS_DEPLOYMENT_TARGET = 15.5;
				MTL_ENABLE_DEBUG_INFO = NO;
				MTL_FAST_MATH = YES;
				SDKROOT = iphoneos;
				SWIFT_COMPILATION_MODE = wholemodule;
				SWIFT_OPTIMIZATION_LEVEL = "-O";
				VALIDATE_PRODUCT = YES;
			};
			name = Release;
		};
		6002BDEC291129D5000881C4 /* Debug */ = {
			isa = XCBuildConfiguration;
			buildSettings = {
				ASSETCATALOG_COMPILER_APPICON_NAME = AppIcon;
				ASSETCATALOG_COMPILER_GLOBAL_ACCENT_COLOR_NAME = AccentColor;
				CODE_SIGN_STYLE = Automatic;
				CURRENT_PROJECT_VERSION = 1;
				DEVELOPMENT_TEAM = R2HYM77JZB;
				GENERATE_INFOPLIST_FILE = YES;
				INFOPLIST_FILE = Langux/Info.plist;
				INFOPLIST_KEY_CFBundleDisplayName = Langux;
				INFOPLIST_KEY_UIApplicationSupportsIndirectInputEvents = YES;
				INFOPLIST_KEY_UILaunchStoryboardName = LaunchScreen;
				INFOPLIST_KEY_UIMainStoryboardFile = Main;
				INFOPLIST_KEY_UISupportedInterfaceOrientations_iPad = "UIInterfaceOrientationPortrait UIInterfaceOrientationPortraitUpsideDown UIInterfaceOrientationLandscapeLeft UIInterfaceOrientationLandscapeRight";
				INFOPLIST_KEY_UISupportedInterfaceOrientations_iPhone = "UIInterfaceOrientationPortrait UIInterfaceOrientationLandscapeLeft UIInterfaceOrientationLandscapeRight";
				IPHONEOS_DEPLOYMENT_TARGET = 13.5;
				LD_RUNPATH_SEARCH_PATHS = (
					"$(inherited)",
					"@executable_path/Frameworks",
				);
				MARKETING_VERSION = 1.0;
				PRODUCT_BUNDLE_IDENTIFIER = com.burakaltunoluk.langux.Langux;
				PRODUCT_NAME = "$(TARGET_NAME)";
				SWIFT_EMIT_LOC_STRINGS = YES;
				SWIFT_VERSION = 5.0;
				TARGETED_DEVICE_FAMILY = 1;
			};
			name = Debug;
		};
		6002BDED291129D5000881C4 /* Release */ = {
			isa = XCBuildConfiguration;
			buildSettings = {
				ASSETCATALOG_COMPILER_APPICON_NAME = AppIcon;
				ASSETCATALOG_COMPILER_GLOBAL_ACCENT_COLOR_NAME = AccentColor;
				CODE_SIGN_STYLE = Automatic;
				CURRENT_PROJECT_VERSION = 1;
				DEVELOPMENT_TEAM = R2HYM77JZB;
				GENERATE_INFOPLIST_FILE = YES;
				INFOPLIST_FILE = Langux/Info.plist;
				INFOPLIST_KEY_CFBundleDisplayName = Langux;
				INFOPLIST_KEY_UIApplicationSupportsIndirectInputEvents = YES;
				INFOPLIST_KEY_UILaunchStoryboardName = LaunchScreen;
				INFOPLIST_KEY_UIMainStoryboardFile = Main;
				INFOPLIST_KEY_UISupportedInterfaceOrientations_iPad = "UIInterfaceOrientationPortrait UIInterfaceOrientationPortraitUpsideDown UIInterfaceOrientationLandscapeLeft UIInterfaceOrientationLandscapeRight";
				INFOPLIST_KEY_UISupportedInterfaceOrientations_iPhone = "UIInterfaceOrientationPortrait UIInterfaceOrientationLandscapeLeft UIInterfaceOrientationLandscapeRight";
				IPHONEOS_DEPLOYMENT_TARGET = 13.5;
				LD_RUNPATH_SEARCH_PATHS = (
					"$(inherited)",
					"@executable_path/Frameworks",
				);
				MARKETING_VERSION = 1.0;
				PRODUCT_BUNDLE_IDENTIFIER = com.burakaltunoluk.langux.Langux;
				PRODUCT_NAME = "$(TARGET_NAME)";
				SWIFT_EMIT_LOC_STRINGS = YES;
				SWIFT_VERSION = 5.0;
				TARGETED_DEVICE_FAMILY = 1;
			};
			name = Release;
		};
/* End XCBuildConfiguration section */

/* Begin XCConfigurationList section */
		6002BDD2291129D1000881C4 /* Build configuration list for PBXProject "Langux" */ = {
			isa = XCConfigurationList;
			buildConfigurations = (
				6002BDE9291129D5000881C4 /* Debug */,
				6002BDEA291129D5000881C4 /* Release */,
			);
			defaultConfigurationIsVisible = 0;
			defaultConfigurationName = Release;
		};
		6002BDEB291129D5000881C4 /* Build configuration list for PBXNativeTarget "Langux" */ = {
			isa = XCConfigurationList;
			buildConfigurations = (
				6002BDEC291129D5000881C4 /* Debug */,
				6002BDED291129D5000881C4 /* Release */,
			);
			defaultConfigurationIsVisible = 0;
			defaultConfigurationName = Release;
		};
/* End XCConfigurationList section */

/* Begin XCVersionGroup section */
		606A09132911CB5400E6640F /* TestModel.xcdatamodeld */ = {
			isa = XCVersionGroup;
			children = (
				606A09142911CB5400E6640F /* RecordData.xcdatamodel */,
			);
			currentVersion = 606A09142911CB5400E6640F /* RecordData.xcdatamodel */;
			path = TestModel.xcdatamodeld;
			sourceTree = "<group>";
			versionGroupType = wrapper.xcdatamodel;
		};
/* End XCVersionGroup section */
	};
	rootObject = 6002BDCF291129D1000881C4 /* Project object */;
}
